
Microsoft Visual Studio Solution File, Format Version 12.00
Project("{FAE04EC0-301F-11D3-BF4B-00C04F79EFBC}") = "Configuration", "Configuration\Configuration.csproj", "{A4DCE274-0D9D-4897-8887-1A4C1CE6E0BF}"
EndProject
Project("{FAE04EC0-301F-11D3-BF4B-00C04F79EFBC}") = "Core", "Core\Core.csproj", "{531EBB82-C355-488C-97DB-4F31B60125A4}"
EndProject
Project("{FAE04EC0-301F-11D3-BF4B-00C04F79EFBC}") = "Infrastructure", "Infrastructure\Infrastructure.csproj", "{05201A94-CCE9-4AFA-8D30-DC367C60EF22}"
EndProject
Project("{FAE04EC0-301F-11D3-BF4B-00C04F79EFBC}") = "Domains", "Domains\Domains.csproj", "{459D0BCF-089F-4B04-8320-4438C11FAA42}"
EndProject
Project("{2150E333-8FDC-42A3-9474-1A3956D46DE8}") = "Solution Items", "Solution Items", "{16FDE485-B8F3-4B3F-839B-72697C85AF36}"
	ProjectSection(SolutionItems) = preProject
		docker-compose.yml = docker-compose.yml
	EndProjectSection
EndProject
Project("{FAE04EC0-301F-11D3-BF4B-00C04F79EFBC}") = "Test.Core", "Test.Core\Test.Core.csproj", "{CF1B8C86-33E9-4247-8E2C-D7372E15B440}"
EndProject
Global
	GlobalSection(SolutionConfigurationPlatforms) = preSolution
		Debug|Any CPU = Debug|Any CPU
		Release|Any CPU = Release|Any CPU
	EndGlobalSection
	GlobalSection(ProjectConfigurationPlatforms) = postSolution
		{A4DCE274-0D9D-4897-8887-1A4C1CE6E0BF}.Debug|Any CPU.ActiveCfg = Debug|Any CPU
		{A4DCE274-0D9D-4897-8887-1A4C1CE6E0BF}.Debug|Any CPU.Build.0 = Debug|Any CPU
		{A4DCE274-0D9D-4897-8887-1A4C1CE6E0BF}.Release|Any CPU.ActiveCfg = Release|Any CPU
		{A4DCE274-0D9D-4897-8887-1A4C1CE6E0BF}.Release|Any CPU.Build.0 = Release|Any CPU
		{A4DCE274-0D9D-4897-8887-1A4C1CE6E0BF}.Debug|Any CPU.Deploy.0 = Debug|Any CPU
		{531EBB82-C355-488C-97DB-4F31B60125A4}.Debug|Any CPU.ActiveCfg = Debug|Any CPU
		{531EBB82-C355-488C-97DB-4F31B60125A4}.Debug|Any CPU.Build.0 = Debug|Any CPU
		{531EBB82-C355-488C-97DB-4F31B60125A4}.Release|Any CPU.ActiveCfg = Release|Any CPU
		{531EBB82-C355-488C-97DB-4F31B60125A4}.Release|Any CPU.Build.0 = Release|Any CPU
		{05201A94-CCE9-4AFA-8D30-DC367C60EF22}.Debug|Any CPU.ActiveCfg = Debug|Any CPU
		{05201A94-CCE9-4AFA-8D30-DC367C60EF22}.Debug|Any CPU.Build.0 = Debug|Any CPU
		{05201A94-CCE9-4AFA-8D30-DC367C60EF22}.Release|Any CPU.ActiveCfg = Release|Any CPU
		{05201A94-CCE9-4AFA-8D30-DC367C60EF22}.Release|Any CPU.Build.0 = Release|Any CPU
		{459D0BCF-089F-4B04-8320-4438C11FAA42}.Debug|Any CPU.ActiveCfg = Debug|Any CPU
		{459D0BCF-089F-4B04-8320-4438C11FAA42}.Debug|Any CPU.Build.0 = Debug|Any CPU
		{459D0BCF-089F-4B04-8320-4438C11FAA42}.Release|Any CPU.ActiveCfg = Release|Any CPU
		{459D0BCF-089F-4B04-8320-4438C11FAA42}.Release|Any CPU.Build.0 = Release|Any CPU
		{CF1B8C86-33E9-4247-8E2C-D7372E15B440}.Debug|Any CPU.ActiveCfg = Debug|Any CPU
		{CF1B8C86-33E9-4247-8E2C-D7372E15B440}.Debug|Any CPU.Build.0 = Debug|Any CPU
		{CF1B8C86-33E9-4247-8E2C-D7372E15B440}.Release|Any CPU.ActiveCfg = Release|Any CPU
		{CF1B8C86-33E9-4247-8E2C-D7372E15B440}.Release|Any CPU.Build.0 = Release|Any CPU
	EndGlobalSection
EndGlobal
